{
  "version": 4,
  "terraform_version": "1.2.5",
  "serial": 1,
  "lineage": "33f415a5-d6e9-9e4c-0811-ca5040b842e4",
  "outputs": {},
  "resources": [
    {
      "mode": "managed",
      "type": "local_file",
      "name": "primeiro",
      "provider": "provider[\"registry.terraform.io/hashicorp/local\"]",
      "instances": [
        {
          "schema_version": 0,
          "attributes": {
            "content": "segundo",
            "content_base64": null,
            "directory_permission": "0777",
            "file_permission": "0777",
            "filename": "./primeiro.txt",
            "id": "d899f3b9c4f05f69b221cbbb79439fb6153f6961",
            "sensitive_content": null,
            "source": null
          },
          "sensitive_attributes": [],
          "private": "bnVsbA=="
        }
      ]
    }
  ]
}
