{
  "version": 4,
  "terraform_version": "1.2.5",
  "serial": 1,
  "lineage": "5df651df-e6c8-9867-86a1-b42e6ce6455c",
  "outputs": {},
  "resources": [
    {
      "mode": "managed",
      "type": "local_file",
      "name": "count_map",
      "provider": "provider[\"registry.terraform.io/hashicorp/local\"]",
      "instances": [
        {
          "index_key": 0,
          "schema_version": 0,
          "attributes": {
            "content": "Primeiro arquivo",
            "content_base64": null,
            "directory_permission": "0777",
            "file_permission": "0777",
            "filename": "arquivo_1",
            "id": "f2d28a3fabb7f4ee256f4f28b683cd3c248546a9",
            "sensitive_content": null,
            "source": null
          },
          "sensitive_attributes": [],
          "private": "bnVsbA=="
        },
        {
          "index_key": 1,
          "schema_version": 0,
          "attributes": {
            "content": "Baita conteudo formatado\nDentro do \nArquivo\n:3\n",
            "content_base64": null,
            "directory_permission": "0777",
            "file_permission": "0777",
            "filename": "arquivo_2",
            "id": "a7857723d2f90d1dcf0e4f5bbb58c45cd2a9abfe",
            "sensitive_content": null,
            "source": null
          },
          "sensitive_attributes": [],
          "private": "bnVsbA=="
        }
      ]
    }
  ]
}
