{
  "version": 4,
  "terraform_version": "1.2.5",
  "serial": 4,
  "lineage": "be31a1fd-6f3a-c4b5-31b6-a123acdbd4d6",
  "outputs": {},
  "resources": [
    {
      "mode": "managed",
      "type": "local_file",
      "name": "count",
      "provider": "provider[\"registry.terraform.io/hashicorp/local\"]",
      "instances": [
        {
          "index_key": 0,
          "schema_version": 0,
          "attributes": {
            "content": "Esse é o arquivo 0",
            "content_base64": null,
            "directory_permission": "0777",
            "file_permission": "0777",
            "filename": "./arquivo_0",
            "id": "a5ba5373d28e8115e6d92631b87b71d73131e858",
            "sensitive_content": null,
            "source": null
          },
          "sensitive_attributes": [],
          "private": "bnVsbA=="
        },
        {
          "index_key": 1,
          "schema_version": 0,
          "attributes": {
            "content": "Esse é o arquivo 1",
            "content_base64": null,
            "directory_permission": "0777",
            "file_permission": "0777",
            "filename": "./arquivo_1",
            "id": "21bfc8c532159345bcf5a8a424c30ffae31137c9",
            "sensitive_content": null,
            "source": null
          },
          "sensitive_attributes": [],
          "private": "bnVsbA=="
        },
        {
          "index_key": 2,
          "schema_version": 0,
          "attributes": {
            "content": "Esse é o arquivo 2",
            "content_base64": null,
            "directory_permission": "0777",
            "file_permission": "0777",
            "filename": "./arquivo_2",
            "id": "b2223c5dc5492fb3daeffb25662cd8e88e4e7cb9",
            "sensitive_content": null,
            "source": null
          },
          "sensitive_attributes": [],
          "private": "bnVsbA=="
        },
        {
          "index_key": 3,
          "schema_version": 0,
          "attributes": {
            "content": "Esse é o arquivo 3",
            "content_base64": null,
            "directory_permission": "0777",
            "file_permission": "0777",
            "filename": "./arquivo_3",
            "id": "4a336fd89eeb228bb05297eee092680fe5969433",
            "sensitive_content": null,
            "source": null
          },
          "sensitive_attributes": [],
          "private": "bnVsbA=="
        }
      ]
    }
  ]
}
